
Microsoft Visual Studio Solution File, Format Version 12.00
# Visual Studio Version 17
VisualStudioVersion = 17.3.32922.545
MinimumVisualStudioVersion = 10.0.40219.1
Project("{9A19103F-16F7-4668-BE54-9A1E7A4F7556}") = "Quan ly khach san", "Quan ly khach san\Quan ly khach san.csproj", "{7E4C8848-4F30-4855-B939-87DFE6E2BB5C}"
EndProject
Project("{2150E333-8FDC-42A3-9474-1A3956D46DE8}") = "Solution Items", "Solution Items", "{4B7D40B7-FF04-416D-B797-96B10636871E}"
	ProjectSection(SolutionItems) = preProject
		..\..\..\..\..\..\..\..\Downloads\anh1.jpg = ..\..\..\..\..\..\..\..\Downloads\anh1.jpg
		..\..\..\..\..\..\..\..\Downloads\anh2.jpg = ..\..\..\..\..\..\..\..\Downloads\anh2.jpg
		..\..\..\..\..\..\..\..\Downloads\anh3.jpg = ..\..\..\..\..\..\..\..\Downloads\anh3.jpg
		..\..\..\..\..\..\..\..\Downloads\anh4.jpg = ..\..\..\..\..\..\..\..\Downloads\anh4.jpg
		..\..\..\..\..\..\..\..\Downloads\hotel.jpg = ..\..\..\..\..\..\..\..\Downloads\hotel.jpg
	EndProjectSection
EndProject
Global
	GlobalSection(SolutionConfigurationPlatforms) = preSolution
		Debug|Any CPU = Debug|Any CPU
		Release|Any CPU = Release|Any CPU
	EndGlobalSection
	GlobalSection(ProjectConfigurationPlatforms) = postSolution
		{7E4C8848-4F30-4855-B939-87DFE6E2BB5C}.Debug|Any CPU.ActiveCfg = Debug|Any CPU
		{7E4C8848-4F30-4855-B939-87DFE6E2BB5C}.Debug|Any CPU.Build.0 = Debug|Any CPU
		{7E4C8848-4F30-4855-B939-87DFE6E2BB5C}.Release|Any CPU.ActiveCfg = Release|Any CPU
		{7E4C8848-4F30-4855-B939-87DFE6E2BB5C}.Release|Any CPU.Build.0 = Release|Any CPU
	EndGlobalSection
	GlobalSection(SolutionProperties) = preSolution
		HideSolutionNode = FALSE
	EndGlobalSection
	GlobalSection(ExtensibilityGlobals) = postSolution
		SolutionGuid = {D30FAAAE-21D0-4B53-A30E-530BE868D54E}
	EndGlobalSection
EndGlobal
